
Microsoft Visual Studio Solution File, Format Version 12.00
# Visual Studio Version 17
VisualStudioVersion = 17.8.34525.116
MinimumVisualStudioVersion = 10.0.40219.1
Project("{2150E333-8FDC-42A3-9474-1A3956D46DE8}") = "src", "src", "{ED6D078F-B0A2-48E8-A09D-3B7CDF6CE3D1}"
EndProject
Project("{2150E333-8FDC-42A3-9474-1A3956D46DE8}") = "test", "test", "{0BC55E3B-4964-48E3-A390-2ADD37980149}"
EndProject
Project("{9A19103F-16F7-4668-BE54-9A1E7A4F7556}") = "AgileCms.AspNetCore.Mvc.UI.Theme.South25", "src\AgileCms.AspNetCore.Mvc.UI.Theme.ErindOnTrack\AgileCms.AspNetCore.Mvc.UI.Theme.South25.csproj", "{C635F372-30BD-4E36-B5A4-B5B9BA89B257}"
EndProject
Global
	GlobalSection(SolutionConfigurationPlatforms) = preSolution
		Debug|Any CPU = Debug|Any CPU
		Release|Any CPU = Release|Any CPU
	EndGlobalSection
	GlobalSection(ProjectConfigurationPlatforms) = postSolution
		{C635F372-30BD-4E36-B5A4-B5B9BA89B257}.Debug|Any CPU.ActiveCfg = Debug|Any CPU
		{C635F372-30BD-4E36-B5A4-B5B9BA89B257}.Debug|Any CPU.Build.0 = Debug|Any CPU
		{C635F372-30BD-4E36-B5A4-B5B9BA89B257}.Release|Any CPU.ActiveCfg = Release|Any CPU
		{C635F372-30BD-4E36-B5A4-B5B9BA89B257}.Release|Any CPU.Build.0 = Release|Any CPU
	EndGlobalSection
	GlobalSection(SolutionProperties) = preSolution
		HideSolutionNode = FALSE
	EndGlobalSection
	GlobalSection(NestedProjects) = preSolution
		{C635F372-30BD-4E36-B5A4-B5B9BA89B257} = {ED6D078F-B0A2-48E8-A09D-3B7CDF6CE3D1}
	EndGlobalSection
	GlobalSection(ExtensibilityGlobals) = postSolution
		SolutionGuid = {D535B60D-97FD-4567-9E15-731A08623930}
	EndGlobalSection
EndGlobal
